{
  "name": "lambda-layers",
  "version": "1.0.1",
  "lockfileVersion": 1,
  "requires": true,
  "dependencies": {
    "@alejolovallo/trial-gh-package": {
      "version": "1.0.0",
      "resolved": "https://npm.pkg.github.com/download/@alejolovallo/trial-gh-package/1.0.0/c66b12fb91f8be78bf0cdee91dbcd049a535762eb8d7c802e75daf9289092eb0",
      "integrity": "sha512-q+oizFZ7rjtGpBnI9YJXz5kw3YaR751a25EuY0mxUws2wFtOXtvrRALs/CtKy7IrzLEx2HiKXMA69a0CS5h7TQ=="
    }
  }
}
